
Microsoft Visual Studio Solution File, Format Version 12.00
# Visual Studio Version 17
VisualStudioVersion = 17.3.32922.545
MinimumVisualStudioVersion = 10.0.40219.1
Project("{9A19103F-16F7-4668-BE54-9A1E7A4F7556}") = "NLipsum.Tests", "NLipsum.Tests\NLipsum.Tests.csproj", "{AF224227-95BD-4939-BD40-FD992D07A36C}"
EndProject
Project("{9A19103F-16F7-4668-BE54-9A1E7A4F7556}") = "NLipsum.Core", "NLipsum.Core\NLipsum.Core.csproj", "{800E8048-2D52-4469-BAF6-6DFBB0E77FEA}"
EndProject
Project("{2150E333-8FDC-42A3-9474-1A3956D46DE8}") = "Solution Items", "Solution Items", "{6E654576-77F5-4E02-9374-5B5DD5F9D5BD}"
	ProjectSection(SolutionItems) = preProject
		.gitignore = .gitignore
		LICENSE = LICENSE
		README.md = README.md
	EndProjectSection
EndProject
Global
	GlobalSection(SolutionConfigurationPlatforms) = preSolution
		Debug|Any CPU = Debug|Any CPU
		Release|Any CPU = Release|Any CPU
	EndGlobalSection
	GlobalSection(ProjectConfigurationPlatforms) = postSolution
		{AF224227-95BD-4939-BD40-FD992D07A36C}.Debug|Any CPU.ActiveCfg = Debug|Any CPU
		{AF224227-95BD-4939-BD40-FD992D07A36C}.Debug|Any CPU.Build.0 = Debug|Any CPU
		{AF224227-95BD-4939-BD40-FD992D07A36C}.Release|Any CPU.ActiveCfg = Release|Any CPU
		{AF224227-95BD-4939-BD40-FD992D07A36C}.Release|Any CPU.Build.0 = Release|Any CPU
		{800E8048-2D52-4469-BAF6-6DFBB0E77FEA}.Debug|Any CPU.ActiveCfg = Debug|Any CPU
		{800E8048-2D52-4469-BAF6-6DFBB0E77FEA}.Debug|Any CPU.Build.0 = Debug|Any CPU
		{800E8048-2D52-4469-BAF6-6DFBB0E77FEA}.Release|Any CPU.ActiveCfg = Release|Any CPU
		{800E8048-2D52-4469-BAF6-6DFBB0E77FEA}.Release|Any CPU.Build.0 = Release|Any CPU
	EndGlobalSection
	GlobalSection(SolutionProperties) = preSolution
		HideSolutionNode = FALSE
	EndGlobalSection
	GlobalSection(ExtensibilityGlobals) = postSolution
		SolutionGuid = {0CC68BD1-08F0-4E00-A94D-90B4A690D956}
	EndGlobalSection
EndGlobal
